
Microsoft Visual Studio Solution File, Format Version 12.00
# Visual Studio Version 17
VisualStudioVersion = 17.12.35707.178 d17.12
MinimumVisualStudioVersion = 10.0.40219.1
Project("{FAE04EC0-301F-11D3-BF4B-00C04F79EFBC}") = "ToDoListFunctions", "ToDoListFunctions\ToDoListFunctions.csproj", "{E88D1C2A-E5F3-4A78-A2D1-3EC6382CA64D}"
EndProject
Project("{FAE04EC0-301F-11D3-BF4B-00C04F79EFBC}") = "ToDoListFunctionsTest", "ToDoListFunctionsTest\ToDoListFunctionsTest.csproj", "{A29FA7B6-5D80-43EA-AE3A-0DB8C388BC89}"
EndProject
Global
	GlobalSection(SolutionConfigurationPlatforms) = preSolution
		Debug|Any CPU = Debug|Any CPU
		Release|Any CPU = Release|Any CPU
	EndGlobalSection
	GlobalSection(ProjectConfigurationPlatforms) = postSolution
		{E88D1C2A-E5F3-4A78-A2D1-3EC6382CA64D}.Debug|Any CPU.ActiveCfg = Debug|Any CPU
		{E88D1C2A-E5F3-4A78-A2D1-3EC6382CA64D}.Debug|Any CPU.Build.0 = Debug|Any CPU
		{E88D1C2A-E5F3-4A78-A2D1-3EC6382CA64D}.Release|Any CPU.ActiveCfg = Release|Any CPU
		{E88D1C2A-E5F3-4A78-A2D1-3EC6382CA64D}.Release|Any CPU.Build.0 = Release|Any CPU
		{A29FA7B6-5D80-43EA-AE3A-0DB8C388BC89}.Debug|Any CPU.ActiveCfg = Debug|Any CPU
		{A29FA7B6-5D80-43EA-AE3A-0DB8C388BC89}.Debug|Any CPU.Build.0 = Debug|Any CPU
		{A29FA7B6-5D80-43EA-AE3A-0DB8C388BC89}.Release|Any CPU.ActiveCfg = Release|Any CPU
		{A29FA7B6-5D80-43EA-AE3A-0DB8C388BC89}.Release|Any CPU.Build.0 = Release|Any CPU
	EndGlobalSection
	GlobalSection(SolutionProperties) = preSolution
		HideSolutionNode = FALSE
	EndGlobalSection
EndGlobal
